
Microsoft Visual Studio Solution File, Format Version 12.00
# Visual Studio 14
VisualStudioVersion = 14.0.25123.0
MinimumVisualStudioVersion = 10.0.40219.1
Project("{FAE04EC0-301F-11D3-BF4B-00C04F79EFBC}") = "ChannelMatch", "ChannelMatch\ChannelMatch.csproj", "{36167C09-E402-40C2-A5D2-5F1F7E2890FC}"
EndProject
Project("{FAE04EC0-301F-11D3-BF4B-00C04F79EFBC}") = "ImportData", "ImportData\ImportData.csproj", "{154E231E-A844-4200-837A-7238ADE053E0}"
EndProject
Global
	GlobalSection(SolutionConfigurationPlatforms) = preSolution
		Debug|Any CPU = Debug|Any CPU
		Release|Any CPU = Release|Any CPU
	EndGlobalSection
	GlobalSection(ProjectConfigurationPlatforms) = postSolution
		{36167C09-E402-40C2-A5D2-5F1F7E2890FC}.Debug|Any CPU.ActiveCfg = Debug|Any CPU
		{36167C09-E402-40C2-A5D2-5F1F7E2890FC}.Debug|Any CPU.Build.0 = Debug|Any CPU
		{36167C09-E402-40C2-A5D2-5F1F7E2890FC}.Release|Any CPU.ActiveCfg = Release|Any CPU
		{36167C09-E402-40C2-A5D2-5F1F7E2890FC}.Release|Any CPU.Build.0 = Release|Any CPU
		{154E231E-A844-4200-837A-7238ADE053E0}.Debug|Any CPU.ActiveCfg = Debug|Any CPU
		{154E231E-A844-4200-837A-7238ADE053E0}.Debug|Any CPU.Build.0 = Debug|Any CPU
		{154E231E-A844-4200-837A-7238ADE053E0}.Release|Any CPU.ActiveCfg = Release|Any CPU
		{154E231E-A844-4200-837A-7238ADE053E0}.Release|Any CPU.Build.0 = Release|Any CPU
	EndGlobalSection
	GlobalSection(SolutionProperties) = preSolution
		HideSolutionNode = FALSE
	EndGlobalSection
EndGlobal
