
Microsoft Visual Studio Solution File, Format Version 12.00
# Visual Studio 14
VisualStudioVersion = 14.0.25123.0
MinimumVisualStudioVersion = 10.0.40219.1
Project("{FAE04EC0-301F-11D3-BF4B-00C04F79EFBC}") = "ChannelMatch", "ChannelMatch\ChannelMatch.csproj", "{36167C09-E402-40C2-A5D2-5F1F7E2890FC}"
EndProject
Project("{FAE04EC0-301F-11D3-BF4B-00C04F79EFBC}") = "ImportData", "ImportData\ImportData.csproj", "{154E231E-A844-4200-837A-7238ADE053E0}"
EndProject
Project("{2150E333-8FDC-42A3-9474-1A3956D46DE8}") = "FrequencyFiles", "FrequencyFiles", "{1428461C-38F6-4DC2-AC23-58192AE2B39C}"
	ProjectSection(SolutionItems) = preProject
		..\..\..\..\Google Drive\AUT\Neuro Informatics\Assign2\Original data\Files\S001a_freq.txt = ..\..\..\..\Google Drive\AUT\Neuro Informatics\Assign2\Original data\Files\S001a_freq.txt
		..\..\..\..\Google Drive\AUT\Neuro Informatics\Assign2\Original data\Files\S002a_freq.txt = ..\..\..\..\Google Drive\AUT\Neuro Informatics\Assign2\Original data\Files\S002a_freq.txt
		..\..\..\..\Google Drive\AUT\Neuro Informatics\Assign2\Original data\Files\S003a_freq.txt = ..\..\..\..\Google Drive\AUT\Neuro Informatics\Assign2\Original data\Files\S003a_freq.txt
		..\..\..\..\Google Drive\AUT\Neuro Informatics\Assign2\Original data\Files\S004a_freq.txt = ..\..\..\..\Google Drive\AUT\Neuro Informatics\Assign2\Original data\Files\S004a_freq.txt
		..\..\..\..\Google Drive\AUT\Neuro Informatics\Assign2\Original data\Files\S005a_freq.txt = ..\..\..\..\Google Drive\AUT\Neuro Informatics\Assign2\Original data\Files\S005a_freq.txt
		..\..\..\..\Google Drive\AUT\Neuro Informatics\Assign2\Original data\Files\S006a_freq.txt = ..\..\..\..\Google Drive\AUT\Neuro Informatics\Assign2\Original data\Files\S006a_freq.txt
		..\..\..\..\Google Drive\AUT\Neuro Informatics\Assign2\Original data\Files\S007a_freq.txt = ..\..\..\..\Google Drive\AUT\Neuro Informatics\Assign2\Original data\Files\S007a_freq.txt
		..\..\..\..\Google Drive\AUT\Neuro Informatics\Assign2\Original data\Files\S008a_freq.txt = ..\..\..\..\Google Drive\AUT\Neuro Informatics\Assign2\Original data\Files\S008a_freq.txt
		..\..\..\..\Google Drive\AUT\Neuro Informatics\Assign2\Original data\Files\S009a_freq.txt = ..\..\..\..\Google Drive\AUT\Neuro Informatics\Assign2\Original data\Files\S009a_freq.txt
		..\..\..\..\Google Drive\AUT\Neuro Informatics\Assign2\Original data\Files\S010a_freq.txt = ..\..\..\..\Google Drive\AUT\Neuro Informatics\Assign2\Original data\Files\S010a_freq.txt
		..\..\..\..\Google Drive\AUT\Neuro Informatics\Assign2\Original data\Files\S011a_freq.txt = ..\..\..\..\Google Drive\AUT\Neuro Informatics\Assign2\Original data\Files\S011a_freq.txt
	EndProjectSection
EndProject
Project("{2150E333-8FDC-42A3-9474-1A3956D46DE8}") = "CygwinCommands", "CygwinCommands", "{ADCC637A-83AD-43A4-8C85-6EDFAB624274}"
	ProjectSection(SolutionItems) = preProject
		..\..\..\..\Google Drive\AUT\Neuro Informatics\Assign2\Original data\Files\Commands\commands.txt = ..\..\..\..\Google Drive\AUT\Neuro Informatics\Assign2\Original data\Files\Commands\commands.txt
	EndProjectSection
EndProject
Project("{2150E333-8FDC-42A3-9474-1A3956D46DE8}") = "NueCubeFiles", "NueCubeFiles", "{7C445B0A-CAF8-46A5-89D8-5B895E9EA0C9}"
	ProjectSection(SolutionItems) = preProject
		..\..\..\..\Google Drive\AUT\Neuro Informatics\Assign2\Neucube Data\ChannelName.txt = ..\..\..\..\Google Drive\AUT\Neuro Informatics\Assign2\Neucube Data\ChannelName.txt
		..\..\..\..\Google Drive\AUT\Neuro Informatics\Assign2\Neucube Data\eeg_mapping.csv = ..\..\..\..\Google Drive\AUT\Neuro Informatics\Assign2\Neucube Data\eeg_mapping.csv
		..\..\..\..\Google Drive\AUT\Neuro Informatics\Assign2\Neucube Data\sam10_eeg.csv = ..\..\..\..\Google Drive\AUT\Neuro Informatics\Assign2\Neucube Data\sam10_eeg.csv
		..\..\..\..\Google Drive\AUT\Neuro Informatics\Assign2\Neucube Data\sam11_eeg.csv = ..\..\..\..\Google Drive\AUT\Neuro Informatics\Assign2\Neucube Data\sam11_eeg.csv
		..\..\..\..\Google Drive\AUT\Neuro Informatics\Assign2\Neucube Data\sam12_eeg.csv = ..\..\..\..\Google Drive\AUT\Neuro Informatics\Assign2\Neucube Data\sam12_eeg.csv
		..\..\..\..\Google Drive\AUT\Neuro Informatics\Assign2\Neucube Data\sam13_eeg.csv = ..\..\..\..\Google Drive\AUT\Neuro Informatics\Assign2\Neucube Data\sam13_eeg.csv
		..\..\..\..\Google Drive\AUT\Neuro Informatics\Assign2\Neucube Data\sam14_eeg.csv = ..\..\..\..\Google Drive\AUT\Neuro Informatics\Assign2\Neucube Data\sam14_eeg.csv
		..\..\..\..\Google Drive\AUT\Neuro Informatics\Assign2\Neucube Data\sam15_eeg.csv = ..\..\..\..\Google Drive\AUT\Neuro Informatics\Assign2\Neucube Data\sam15_eeg.csv
		..\..\..\..\Google Drive\AUT\Neuro Informatics\Assign2\Neucube Data\sam16_eeg.csv = ..\..\..\..\Google Drive\AUT\Neuro Informatics\Assign2\Neucube Data\sam16_eeg.csv
		..\..\..\..\Google Drive\AUT\Neuro Informatics\Assign2\Neucube Data\sam17_eeg.csv = ..\..\..\..\Google Drive\AUT\Neuro Informatics\Assign2\Neucube Data\sam17_eeg.csv
		..\..\..\..\Google Drive\AUT\Neuro Informatics\Assign2\Neucube Data\sam18_eeg.csv = ..\..\..\..\Google Drive\AUT\Neuro Informatics\Assign2\Neucube Data\sam18_eeg.csv
		..\..\..\..\Google Drive\AUT\Neuro Informatics\Assign2\Neucube Data\sam19_eeg.csv = ..\..\..\..\Google Drive\AUT\Neuro Informatics\Assign2\Neucube Data\sam19_eeg.csv
		..\..\..\..\Google Drive\AUT\Neuro Informatics\Assign2\Neucube Data\sam1_eeg.csv = ..\..\..\..\Google Drive\AUT\Neuro Informatics\Assign2\Neucube Data\sam1_eeg.csv
		..\..\..\..\Google Drive\AUT\Neuro Informatics\Assign2\Neucube Data\sam20_eeg.csv = ..\..\..\..\Google Drive\AUT\Neuro Informatics\Assign2\Neucube Data\sam20_eeg.csv
		..\..\..\..\Google Drive\AUT\Neuro Informatics\Assign2\Neucube Data\sam21_eeg.csv = ..\..\..\..\Google Drive\AUT\Neuro Informatics\Assign2\Neucube Data\sam21_eeg.csv
		..\..\..\..\Google Drive\AUT\Neuro Informatics\Assign2\Neucube Data\sam22_eeg.csv = ..\..\..\..\Google Drive\AUT\Neuro Informatics\Assign2\Neucube Data\sam22_eeg.csv
		..\..\..\..\Google Drive\AUT\Neuro Informatics\Assign2\Neucube Data\sam23_eeg.csv = ..\..\..\..\Google Drive\AUT\Neuro Informatics\Assign2\Neucube Data\sam23_eeg.csv
		..\..\..\..\Google Drive\AUT\Neuro Informatics\Assign2\Neucube Data\sam24_eeg.csv = ..\..\..\..\Google Drive\AUT\Neuro Informatics\Assign2\Neucube Data\sam24_eeg.csv
		..\..\..\..\Google Drive\AUT\Neuro Informatics\Assign2\Neucube Data\sam25_eeg.csv = ..\..\..\..\Google Drive\AUT\Neuro Informatics\Assign2\Neucube Data\sam25_eeg.csv
		..\..\..\..\Google Drive\AUT\Neuro Informatics\Assign2\Neucube Data\sam26_eeg.csv = ..\..\..\..\Google Drive\AUT\Neuro Informatics\Assign2\Neucube Data\sam26_eeg.csv
		..\..\..\..\Google Drive\AUT\Neuro Informatics\Assign2\Neucube Data\sam27_eeg.csv = ..\..\..\..\Google Drive\AUT\Neuro Informatics\Assign2\Neucube Data\sam27_eeg.csv
		..\..\..\..\Google Drive\AUT\Neuro Informatics\Assign2\Neucube Data\sam28_eeg.csv = ..\..\..\..\Google Drive\AUT\Neuro Informatics\Assign2\Neucube Data\sam28_eeg.csv
		..\..\..\..\Google Drive\AUT\Neuro Informatics\Assign2\Neucube Data\sam29_eeg.csv = ..\..\..\..\Google Drive\AUT\Neuro Informatics\Assign2\Neucube Data\sam29_eeg.csv
		..\..\..\..\Google Drive\AUT\Neuro Informatics\Assign2\Neucube Data\sam2_eeg.csv = ..\..\..\..\Google Drive\AUT\Neuro Informatics\Assign2\Neucube Data\sam2_eeg.csv
		..\..\..\..\Google Drive\AUT\Neuro Informatics\Assign2\Neucube Data\sam30_eeg.csv = ..\..\..\..\Google Drive\AUT\Neuro Informatics\Assign2\Neucube Data\sam30_eeg.csv
		..\..\..\..\Google Drive\AUT\Neuro Informatics\Assign2\Neucube Data\sam31_eeg.csv = ..\..\..\..\Google Drive\AUT\Neuro Informatics\Assign2\Neucube Data\sam31_eeg.csv
		..\..\..\..\Google Drive\AUT\Neuro Informatics\Assign2\Neucube Data\sam32_eeg.csv = ..\..\..\..\Google Drive\AUT\Neuro Informatics\Assign2\Neucube Data\sam32_eeg.csv
		..\..\..\..\Google Drive\AUT\Neuro Informatics\Assign2\Neucube Data\sam33_eeg.csv = ..\..\..\..\Google Drive\AUT\Neuro Informatics\Assign2\Neucube Data\sam33_eeg.csv
		..\..\..\..\Google Drive\AUT\Neuro Informatics\Assign2\Neucube Data\sam34_eeg.csv = ..\..\..\..\Google Drive\AUT\Neuro Informatics\Assign2\Neucube Data\sam34_eeg.csv
		..\..\..\..\Google Drive\AUT\Neuro Informatics\Assign2\Neucube Data\sam35_eeg.csv = ..\..\..\..\Google Drive\AUT\Neuro Informatics\Assign2\Neucube Data\sam35_eeg.csv
		..\..\..\..\Google Drive\AUT\Neuro Informatics\Assign2\Neucube Data\sam36_eeg.csv = ..\..\..\..\Google Drive\AUT\Neuro Informatics\Assign2\Neucube Data\sam36_eeg.csv
		..\..\..\..\Google Drive\AUT\Neuro Informatics\Assign2\Neucube Data\sam37_eeg.csv = ..\..\..\..\Google Drive\AUT\Neuro Informatics\Assign2\Neucube Data\sam37_eeg.csv
		..\..\..\..\Google Drive\AUT\Neuro Informatics\Assign2\Neucube Data\sam38_eeg.csv = ..\..\..\..\Google Drive\AUT\Neuro Informatics\Assign2\Neucube Data\sam38_eeg.csv
		..\..\..\..\Google Drive\AUT\Neuro Informatics\Assign2\Neucube Data\sam39_eeg.csv = ..\..\..\..\Google Drive\AUT\Neuro Informatics\Assign2\Neucube Data\sam39_eeg.csv
		..\..\..\..\Google Drive\AUT\Neuro Informatics\Assign2\Neucube Data\sam3_eeg.csv = ..\..\..\..\Google Drive\AUT\Neuro Informatics\Assign2\Neucube Data\sam3_eeg.csv
		..\..\..\..\Google Drive\AUT\Neuro Informatics\Assign2\Neucube Data\sam40_eeg.csv = ..\..\..\..\Google Drive\AUT\Neuro Informatics\Assign2\Neucube Data\sam40_eeg.csv
		..\..\..\..\Google Drive\AUT\Neuro Informatics\Assign2\Neucube Data\sam41_eeg.csv = ..\..\..\..\Google Drive\AUT\Neuro Informatics\Assign2\Neucube Data\sam41_eeg.csv
		..\..\..\..\Google Drive\AUT\Neuro Informatics\Assign2\Neucube Data\sam42_eeg.csv = ..\..\..\..\Google Drive\AUT\Neuro Informatics\Assign2\Neucube Data\sam42_eeg.csv
		..\..\..\..\Google Drive\AUT\Neuro Informatics\Assign2\Neucube Data\sam43_eeg.csv = ..\..\..\..\Google Drive\AUT\Neuro Informatics\Assign2\Neucube Data\sam43_eeg.csv
		..\..\..\..\Google Drive\AUT\Neuro Informatics\Assign2\Neucube Data\sam44_eeg.csv = ..\..\..\..\Google Drive\AUT\Neuro Informatics\Assign2\Neucube Data\sam44_eeg.csv
		..\..\..\..\Google Drive\AUT\Neuro Informatics\Assign2\Neucube Data\sam45_eeg.csv = ..\..\..\..\Google Drive\AUT\Neuro Informatics\Assign2\Neucube Data\sam45_eeg.csv
		..\..\..\..\Google Drive\AUT\Neuro Informatics\Assign2\Neucube Data\sam46_eeg.csv = ..\..\..\..\Google Drive\AUT\Neuro Informatics\Assign2\Neucube Data\sam46_eeg.csv
		..\..\..\..\Google Drive\AUT\Neuro Informatics\Assign2\Neucube Data\sam47_eeg.csv = ..\..\..\..\Google Drive\AUT\Neuro Informatics\Assign2\Neucube Data\sam47_eeg.csv
		..\..\..\..\Google Drive\AUT\Neuro Informatics\Assign2\Neucube Data\sam48_eeg.csv = ..\..\..\..\Google Drive\AUT\Neuro Informatics\Assign2\Neucube Data\sam48_eeg.csv
		..\..\..\..\Google Drive\AUT\Neuro Informatics\Assign2\Neucube Data\sam49_eeg.csv = ..\..\..\..\Google Drive\AUT\Neuro Informatics\Assign2\Neucube Data\sam49_eeg.csv
		..\..\..\..\Google Drive\AUT\Neuro Informatics\Assign2\Neucube Data\sam4_eeg.csv = ..\..\..\..\Google Drive\AUT\Neuro Informatics\Assign2\Neucube Data\sam4_eeg.csv
		..\..\..\..\Google Drive\AUT\Neuro Informatics\Assign2\Neucube Data\sam50_eeg.csv = ..\..\..\..\Google Drive\AUT\Neuro Informatics\Assign2\Neucube Data\sam50_eeg.csv
		..\..\..\..\Google Drive\AUT\Neuro Informatics\Assign2\Neucube Data\sam51_eeg.csv = ..\..\..\..\Google Drive\AUT\Neuro Informatics\Assign2\Neucube Data\sam51_eeg.csv
		..\..\..\..\Google Drive\AUT\Neuro Informatics\Assign2\Neucube Data\sam52_eeg.csv = ..\..\..\..\Google Drive\AUT\Neuro Informatics\Assign2\Neucube Data\sam52_eeg.csv
		..\..\..\..\Google Drive\AUT\Neuro Informatics\Assign2\Neucube Data\sam53_eeg.csv = ..\..\..\..\Google Drive\AUT\Neuro Informatics\Assign2\Neucube Data\sam53_eeg.csv
		..\..\..\..\Google Drive\AUT\Neuro Informatics\Assign2\Neucube Data\sam54_eeg.csv = ..\..\..\..\Google Drive\AUT\Neuro Informatics\Assign2\Neucube Data\sam54_eeg.csv
		..\..\..\..\Google Drive\AUT\Neuro Informatics\Assign2\Neucube Data\sam55_eeg.csv = ..\..\..\..\Google Drive\AUT\Neuro Informatics\Assign2\Neucube Data\sam55_eeg.csv
		..\..\..\..\Google Drive\AUT\Neuro Informatics\Assign2\Neucube Data\sam5_eeg.csv = ..\..\..\..\Google Drive\AUT\Neuro Informatics\Assign2\Neucube Data\sam5_eeg.csv
		..\..\..\..\Google Drive\AUT\Neuro Informatics\Assign2\Neucube Data\sam6_eeg.csv = ..\..\..\..\Google Drive\AUT\Neuro Informatics\Assign2\Neucube Data\sam6_eeg.csv
		..\..\..\..\Google Drive\AUT\Neuro Informatics\Assign2\Neucube Data\sam7_eeg.csv = ..\..\..\..\Google Drive\AUT\Neuro Informatics\Assign2\Neucube Data\sam7_eeg.csv
		..\..\..\..\Google Drive\AUT\Neuro Informatics\Assign2\Neucube Data\sam8_eeg.csv = ..\..\..\..\Google Drive\AUT\Neuro Informatics\Assign2\Neucube Data\sam8_eeg.csv
		..\..\..\..\Google Drive\AUT\Neuro Informatics\Assign2\Neucube Data\sam9_eeg.csv = ..\..\..\..\Google Drive\AUT\Neuro Informatics\Assign2\Neucube Data\sam9_eeg.csv
		..\..\..\..\Google Drive\AUT\Neuro Informatics\Assign2\Neucube Data\Talairach_coordinate.csv = ..\..\..\..\Google Drive\AUT\Neuro Informatics\Assign2\Neucube Data\Talairach_coordinate.csv
		..\..\..\..\Google Drive\AUT\Neuro Informatics\Assign2\Neucube Data\tar_class_labels.csv = ..\..\..\..\Google Drive\AUT\Neuro Informatics\Assign2\Neucube Data\tar_class_labels.csv
	EndProjectSection
EndProject
Global
	GlobalSection(SolutionConfigurationPlatforms) = preSolution
		Debug|Any CPU = Debug|Any CPU
		Release|Any CPU = Release|Any CPU
	EndGlobalSection
	GlobalSection(ProjectConfigurationPlatforms) = postSolution
		{36167C09-E402-40C2-A5D2-5F1F7E2890FC}.Debug|Any CPU.ActiveCfg = Debug|Any CPU
		{36167C09-E402-40C2-A5D2-5F1F7E2890FC}.Debug|Any CPU.Build.0 = Debug|Any CPU
		{36167C09-E402-40C2-A5D2-5F1F7E2890FC}.Release|Any CPU.ActiveCfg = Release|Any CPU
		{36167C09-E402-40C2-A5D2-5F1F7E2890FC}.Release|Any CPU.Build.0 = Release|Any CPU
		{154E231E-A844-4200-837A-7238ADE053E0}.Debug|Any CPU.ActiveCfg = Debug|Any CPU
		{154E231E-A844-4200-837A-7238ADE053E0}.Debug|Any CPU.Build.0 = Debug|Any CPU
		{154E231E-A844-4200-837A-7238ADE053E0}.Release|Any CPU.ActiveCfg = Release|Any CPU
		{154E231E-A844-4200-837A-7238ADE053E0}.Release|Any CPU.Build.0 = Release|Any CPU
	EndGlobalSection
	GlobalSection(SolutionProperties) = preSolution
		HideSolutionNode = FALSE
	EndGlobalSection
EndGlobal
